
Microsoft Visual Studio Solution File, Format Version 12.00
# Visual Studio 15
VisualStudioVersion = 15.0.28307.489
MinimumVisualStudioVersion = 10.0.40219.1
Project("{FAE04EC0-301F-11D3-BF4B-00C04F79EFBC}") = "Lab1", "Lab1\Lab1.csproj", "{9CC6F17F-F6B9-474D-BA5A-86925BDD575D}"
EndProject
Global
	GlobalSection(SolutionConfigurationPlatforms) = preSolution
		Debug|Any CPU = Debug|Any CPU
		Release|Any CPU = Release|Any CPU
	EndGlobalSection
	GlobalSection(ProjectConfigurationPlatforms) = postSolution
		{9CC6F17F-F6B9-474D-BA5A-86925BDD575D}.Debug|Any CPU.ActiveCfg = Debug|Any CPU
		{9CC6F17F-F6B9-474D-BA5A-86925BDD575D}.Debug|Any CPU.Build.0 = Debug|Any CPU
		{9CC6F17F-F6B9-474D-BA5A-86925BDD575D}.Release|Any CPU.ActiveCfg = Release|Any CPU
		{9CC6F17F-F6B9-474D-BA5A-86925BDD575D}.Release|Any CPU.Build.0 = Release|Any CPU
	EndGlobalSection
	GlobalSection(SolutionProperties) = preSolution
		HideSolutionNode = FALSE
	EndGlobalSection
	GlobalSection(ExtensibilityGlobals) = postSolution
		SolutionGuid = {6EFEA04F-6CC8-4B7B-AE2A-E2B6CDC196A0}
	EndGlobalSection
EndGlobal
