
Microsoft Visual Studio Solution File, Format Version 12.00
# Visual Studio 15
VisualStudioVersion = 15.0.28307.489
MinimumVisualStudioVersion = 10.0.40219.1
Project("{FAE04EC0-301F-11D3-BF4B-00C04F79EFBC}") = "Lab2", "Lab2\Lab2.csproj", "{7485EC0A-7427-49BB-B5D0-D0A92ACD5318}"
EndProject
Global
	GlobalSection(SolutionConfigurationPlatforms) = preSolution
		Debug|Any CPU = Debug|Any CPU
		Release|Any CPU = Release|Any CPU
	EndGlobalSection
	GlobalSection(ProjectConfigurationPlatforms) = postSolution
		{7485EC0A-7427-49BB-B5D0-D0A92ACD5318}.Debug|Any CPU.ActiveCfg = Debug|Any CPU
		{7485EC0A-7427-49BB-B5D0-D0A92ACD5318}.Debug|Any CPU.Build.0 = Debug|Any CPU
		{7485EC0A-7427-49BB-B5D0-D0A92ACD5318}.Release|Any CPU.ActiveCfg = Release|Any CPU
		{7485EC0A-7427-49BB-B5D0-D0A92ACD5318}.Release|Any CPU.Build.0 = Release|Any CPU
	EndGlobalSection
	GlobalSection(SolutionProperties) = preSolution
		HideSolutionNode = FALSE
	EndGlobalSection
	GlobalSection(ExtensibilityGlobals) = postSolution
		SolutionGuid = {7274A2A4-2ADC-477B-B39B-A64F37E51036}
	EndGlobalSection
EndGlobal
