
Microsoft Visual Studio Solution File, Format Version 12.00
# Visual Studio 15
VisualStudioVersion = 15.0.28307.489
MinimumVisualStudioVersion = 10.0.40219.1
Project("{FAE04EC0-301F-11D3-BF4B-00C04F79EFBC}") = "Lab3", "Lab3\Lab3.csproj", "{887B156A-1AC6-4219-B355-EE55A4EC98A3}"
EndProject
Global
	GlobalSection(SolutionConfigurationPlatforms) = preSolution
		Debug|Any CPU = Debug|Any CPU
		Release|Any CPU = Release|Any CPU
	EndGlobalSection
	GlobalSection(ProjectConfigurationPlatforms) = postSolution
		{887B156A-1AC6-4219-B355-EE55A4EC98A3}.Debug|Any CPU.ActiveCfg = Debug|Any CPU
		{887B156A-1AC6-4219-B355-EE55A4EC98A3}.Debug|Any CPU.Build.0 = Debug|Any CPU
		{887B156A-1AC6-4219-B355-EE55A4EC98A3}.Release|Any CPU.ActiveCfg = Release|Any CPU
		{887B156A-1AC6-4219-B355-EE55A4EC98A3}.Release|Any CPU.Build.0 = Release|Any CPU
	EndGlobalSection
	GlobalSection(SolutionProperties) = preSolution
		HideSolutionNode = FALSE
	EndGlobalSection
	GlobalSection(ExtensibilityGlobals) = postSolution
		SolutionGuid = {2BD5935D-0652-444E-A520-C38366AB8907}
	EndGlobalSection
EndGlobal
